
Microsoft Visual Studio Solution File, Format Version 12.00
# Visual Studio Version 17
VisualStudioVersion = 17.4.33213.308
MinimumVisualStudioVersion = 10.0.40219.1
Project("{54A90642-561A-4BB1-A94E-469ADEE60C69}") = "testserver", "testserver.esproj", "{B19BBFB1-96CA-4D70-B9AD-E69B7AEAB08A}"
EndProject
Global
	GlobalSection(SolutionConfigurationPlatforms) = preSolution
		Debug|Any CPU = Debug|Any CPU
		Release|Any CPU = Release|Any CPU
	EndGlobalSection
	GlobalSection(ProjectConfigurationPlatforms) = postSolution
		{B19BBFB1-96CA-4D70-B9AD-E69B7AEAB08A}.Debug|Any CPU.ActiveCfg = Debug|Any CPU
		{B19BBFB1-96CA-4D70-B9AD-E69B7AEAB08A}.Debug|Any CPU.Build.0 = Debug|Any CPU
		{B19BBFB1-96CA-4D70-B9AD-E69B7AEAB08A}.Debug|Any CPU.Deploy.0 = Debug|Any CPU
		{B19BBFB1-96CA-4D70-B9AD-E69B7AEAB08A}.Release|Any CPU.ActiveCfg = Release|Any CPU
		{B19BBFB1-96CA-4D70-B9AD-E69B7AEAB08A}.Release|Any CPU.Build.0 = Release|Any CPU
		{B19BBFB1-96CA-4D70-B9AD-E69B7AEAB08A}.Release|Any CPU.Deploy.0 = Release|Any CPU
	EndGlobalSection
	GlobalSection(SolutionProperties) = preSolution
		HideSolutionNode = FALSE
	EndGlobalSection
	GlobalSection(ExtensibilityGlobals) = postSolution
		SolutionGuid = {038ADDD8-19B0-4571-8118-9770085D6F72}
	EndGlobalSection
EndGlobal
